{
  "name": "net-ping",
  "version": "1.2.3",
  "lockfileVersion": 3,
  "requires": true,
  "packages": {
    "": {
      "name": "net-ping",
      "version": "1.2.3",
      "license": "MIT",
      "dependencies": {
        "raw-socket": "*"
      }
    },
    "node_modules/nan": {
      "version": "2.19.0",
      "resolved": "https://registry.npmjs.org/nan/-/nan-2.19.0.tgz",
      "integrity": "sha512-nO1xXxfh/RWNxfd/XPfbIfFk5vgLsAxUR9y5O0cHMJu/AW9U95JLXqthYHjEp+8gQ5p96K9jUp8nbVOxCdRbtw=="
    },
    "node_modules/raw-socket": {
      "version": "1.8.0",
      "resolved": "https://registry.npmjs.org/raw-socket/-/raw-socket-1.8.0.tgz",
      "integrity": "sha512-DLhODdAJu4QhBfqY6KVk3N/hh7z/VxUQ/bDRMFHdBoHvHzb5mTd9O+Plcvl2EX9PCIwcjNtHb2XsgkmTUCVGDA==",
      "hasInstallScript": true,
      "dependencies": {
        "nan": "2.19.*"
      }
    }
  }
}
